// !$*UTF8*$!
{
	archiveVersion = 1;
	classes = {
	};
	objectVersion = 46;
	objects = {

/* Begin PBXBuildFile section */
		CD2B14B31991F4E300D56E1B /* Foundation.framework in Frameworks */ = {isa = PBXBuildFile; fileRef = CD2B14B21991F4E300D56E1B /* Foundation.framework */; };
		CD2B14B51991F4E300D56E1B /* CoreGraphics.framework in Frameworks */ = {isa = PBXBuildFile; fileRef = CD2B14B41991F4E300D56E1B /* CoreGraphics.framework */; };
		CD2B14B71991F4E300D56E1B /* UIKit.framework in Frameworks */ = {isa = PBXBuildFile; fileRef = CD2B14B61991F4E300D56E1B /* UIKit.framework */; };
		CD2B14BD1991F4E300D56E1B /* InfoPlist.strings in Resources */ = {isa = PBXBuildFile; fileRef = CD2B14BB1991F4E300D56E1B /* InfoPlist.strings */; };
		CD2B14BF1991F4E300D56E1B /* main.m in Sources */ = {isa = PBXBuildFile; fileRef = CD2B14BE1991F4E300D56E1B /* main.m */; };
		CD2B14C31991F4E300D56E1B /* AppDelegate.m in Sources */ = {isa = PBXBuildFile; fileRef = CD2B14C21991F4E300D56E1B /* AppDelegate.m */; };
		CD2B14C51991F4E300D56E1B /* Images.xcassets in Resources */ = {isa = PBXBuildFile; fileRef = CD2B14C41991F4E300D56E1B /* Images.xcassets */; };
		CD2B14CC1991F4E300D56E1B /* XCTest.framework in Frameworks */ = {isa = PBXBuildFile; fileRef = CD2B14CB1991F4E300D56E1B /* XCTest.framework */; };
		CD2B14CD1991F4E300D56E1B /* Foundation.framework in Frameworks */ = {isa = PBXBuildFile; fileRef = CD2B14B21991F4E300D56E1B /* Foundation.framework */; };
		CD2B14CE1991F4E300D56E1B /* UIKit.framework in Frameworks */ = {isa = PBXBuildFile; fileRef = CD2B14B61991F4E300D56E1B /* UIKit.framework */; };
		CD2B14D61991F4E300D56E1B /* InfoPlist.strings in Resources */ = {isa = PBXBuildFile; fileRef = CD2B14D41991F4E300D56E1B /* InfoPlist.strings */; };
		CD2B14D81991F4E300D56E1B /* BasicsTests.m in Sources */ = {isa = PBXBuildFile; fileRef = CD2B14D71991F4E300D56E1B /* BasicsTests.m */; };
/* End PBXBuildFile section */

/* Begin PBXContainerItemProxy section */
		CD2B14CF1991F4E300D56E1B /* PBXContainerItemProxy */ = {
			isa = PBXContainerItemProxy;
			containerPortal = CD2B14A71991F4E300D56E1B /* Project object */;
			proxyType = 1;
			remoteGlobalIDString = CD2B14AE1991F4E300D56E1B;
			remoteInfo = Basics;
		};
/* End PBXContainerItemProxy section */

/* Begin PBXFileReference section */
		CD2B14AF1991F4E300D56E1B /* Basics.app */ = {isa = PBXFileReference; explicitFileType = wrapper.application; includeInIndex = 0; path = Basics.app; sourceTree = BUILT_PRODUCTS_DIR; };
		CD2B14B21991F4E300D56E1B /* Foundation.framework */ = {isa = PBXFileReference; lastKnownFileType = wrapper.framework; name = Foundation.framework; path = System/Library/Frameworks/Foundation.framework; sourceTree = SDKROOT; };
		CD2B14B41991F4E300D56E1B /* CoreGraphics.framework */ = {isa = PBXFileReference; lastKnownFileType = wrapper.framework; name = CoreGraphics.framework; path = System/Library/Frameworks/CoreGraphics.framework; sourceTree = SDKROOT; };
		CD2B14B61991F4E300D56E1B /* UIKit.framework */ = {isa = PBXFileReference; lastKnownFileType = wrapper.framework; name = UIKit.framework; path = System/Library/Frameworks/UIKit.framework; sourceTree = SDKROOT; };
		CD2B14BA1991F4E300D56E1B /* Basics-Info.plist */ = {isa = PBXFileReference; lastKnownFileType = text.plist.xml; path = "Basics-Info.plist"; sourceTree = "<group>"; };
		CD2B14BC1991F4E300D56E1B /* en */ = {isa = PBXFileReference; lastKnownFileType = text.plist.strings; name = en; path = en.lproj/InfoPlist.strings; sourceTree = "<group>"; };
		CD2B14BE1991F4E300D56E1B /* main.m */ = {isa = PBXFileReference; lastKnownFileType = sourcecode.c.objc; path = main.m; sourceTree = "<group>"; };
		CD2B14C01991F4E300D56E1B /* Basics-Prefix.pch */ = {isa = PBXFileReference; lastKnownFileType = sourcecode.c.h; path = "Basics-Prefix.pch"; sourceTree = "<group>"; };
		CD2B14C11991F4E300D56E1B /* AppDelegate.h */ = {isa = PBXFileReference; lastKnownFileType = sourcecode.c.h; path = AppDelegate.h; sourceTree = "<group>"; };
		CD2B14C21991F4E300D56E1B /* AppDelegate.m */ = {isa = PBXFileReference; lastKnownFileType = sourcecode.c.objc; path = AppDelegate.m; sourceTree = "<group>"; };
		CD2B14C41991F4E300D56E1B /* Images.xcassets */ = {isa = PBXFileReference; lastKnownFileType = folder.assetcatalog; path = Images.xcassets; sourceTree = "<group>"; };
		CD2B14CA1991F4E300D56E1B /* BasicsTests.xctest */ = {isa = PBXFileReference; explicitFileType = wrapper.cfbundle; includeInIndex = 0; path = BasicsTests.xctest; sourceTree = BUILT_PRODUCTS_DIR; };
		CD2B14CB1991F4E300D56E1B /* XCTest.framework */ = {isa = PBXFileReference; lastKnownFileType = wrapper.framework; name = XCTest.framework; path = Library/Frameworks/XCTest.framework; sourceTree = DEVELOPER_DIR; };
		CD2B14D31991F4E300D56E1B /* BasicsTests-Info.plist */ = {isa = PBXFileReference; lastKnownFileType = text.plist.xml; path = "BasicsTests-Info.plist"; sourceTree = "<group>"; };
		CD2B14D51991F4E300D56E1B /* en */ = {isa = PBXFileReference; lastKnownFileType = text.plist.strings; name = en; path = en.lproj/InfoPlist.strings; sourceTree = "<group>"; };
		CD2B14D71991F4E300D56E1B /* BasicsTests.m */ = {isa = PBXFileReference; lastKnownFileType = sourcecode.c.objc; path = BasicsTests.m; sourceTree = "<group>"; };
/* End PBXFileReference section */

/* Begin PBXFrameworksBuildPhase section */
		CD2B14AC1991F4E300D56E1B /* Frameworks */ = {
			isa = PBXFrameworksBuildPhase;
			buildActionMask = 2147483647;
			files = (
				CD2B14B51991F4E300D56E1B /* CoreGraphics.framework in Frameworks */,
				CD2B14B71991F4E300D56E1B /* UIKit.framework in Frameworks */,
				CD2B14B31991F4E300D56E1B /* Foundation.framework in Frameworks */,
			);
			runOnlyForDeploymentPostprocessing = 0;
		};
		CD2B14C71991F4E300D56E1B /* Frameworks */ = {
			isa = PBXFrameworksBuildPhase;
			buildActionMask = 2147483647;
			files = (
				CD2B14CC1991F4E300D56E1B /* XCTest.framework in Frameworks */,
				CD2B14CE1991F4E300D56E1B /* UIKit.framework in Frameworks */,
				CD2B14CD1991F4E300D56E1B /* Foundation.framework in Frameworks */,
			);
			runOnlyForDeploymentPostprocessing = 0;
		};
/* End PBXFrameworksBuildPhase section */

/* Begin PBXGroup section */
		CD2B14A61991F4E300D56E1B = {
			isa = PBXGroup;
			children = (
				CD2B14B81991F4E300D56E1B /* Basics */,
				CD2B14D11991F4E300D56E1B /* BasicsTests */,
				CD2B14B11991F4E300D56E1B /* Frameworks */,
				CD2B14B01991F4E300D56E1B /* Products */,
			);
			sourceTree = "<group>";
		};
		CD2B14B01991F4E300D56E1B /* Products */ = {
			isa = PBXGroup;
			children = (
				CD2B14AF1991F4E300D56E1B /* Basics.app */,
				CD2B14CA1991F4E300D56E1B /* BasicsTests.xctest */,
			);
			name = Products;
			sourceTree = "<group>";
		};
		CD2B14B11991F4E300D56E1B /* Frameworks */ = {
			isa = PBXGroup;
			children = (
				CD2B14B21991F4E300D56E1B /* Foundation.framework */,
				CD2B14B41991F4E300D56E1B /* CoreGraphics.framework */,
				CD2B14B61991F4E300D56E1B /* UIKit.framework */,
				CD2B14CB1991F4E300D56E1B /* XCTest.framework */,
			);
			name = Frameworks;
			sourceTree = "<group>";
		};
		CD2B14B81991F4E300D56E1B /* Basics */ = {
			isa = PBXGroup;
			children = (
				CD2B14C11991F4E300D56E1B /* AppDelegate.h */,
				CD2B14C21991F4E300D56E1B /* AppDelegate.m */,
				CD2B14C41991F4E300D56E1B /* Images.xcassets */,
				CD2B14B91991F4E300D56E1B /* Supporting Files */,
			);
			path = Basics;
			sourceTree = "<group>";
		};
		CD2B14B91991F4E300D56E1B /* Supporting Files */ = {
			isa = PBXGroup;
			children = (
				CD2B14BA1991F4E300D56E1B /* Basics-Info.plist */,
				CD2B14BB1991F4E300D56E1B /* InfoPlist.strings */,
				CD2B14BE1991F4E300D56E1B /* main.m */,
				CD2B14C01991F4E300D56E1B /* Basics-Prefix.pch */,
			);
			name = "Supporting Files";
			sourceTree = "<group>";
		};
		CD2B14D11991F4E300D56E1B /* BasicsTests */ = {
			isa = PBXGroup;
			children = (
				CD2B14D71991F4E300D56E1B /* BasicsTests.m */,
				CD2B14D21991F4E300D56E1B /* Supporting Files */,
			);
			path = BasicsTests;
			sourceTree = "<group>";
		};
		CD2B14D21991F4E300D56E1B /* Supporting Files */ = {
			isa = PBXGroup;
			children = (
				CD2B14D31991F4E300D56E1B /* BasicsTests-Info.plist */,
				CD2B14D41991F4E300D56E1B /* InfoPlist.strings */,
			);
			name = "Supporting Files";
			sourceTree = "<group>";
		};
/* End PBXGroup section */

/* Begin PBXNativeTarget section */
		CD2B14AE1991F4E300D56E1B /* Basics */ = {
			isa = PBXNativeTarget;
			buildConfigurationList = CD2B14DB1991F4E300D56E1B /* Build configuration list for PBXNativeTarget "Basics" */;
			buildPhases = (
				CD2B14AB1991F4E300D56E1B /* Sources */,
				CD2B14AC1991F4E300D56E1B /* Frameworks */,
				CD2B14AD1991F4E300D56E1B /* Resources */,
			);
			buildRules = (
			);
			dependencies = (
			);
			name = Basics;
			productName = Basics;
			productReference = CD2B14AF1991F4E300D56E1B /* Basics.app */;
			productType = "com.apple.product-type.application";
		};
		CD2B14C91991F4E300D56E1B /* BasicsTests */ = {
			isa = PBXNativeTarget;
			buildConfigurationList = CD2B14DE1991F4E300D56E1B /* Build configuration list for PBXNativeTarget "BasicsTests" */;
			buildPhases = (
				CD2B14C61991F4E300D56E1B /* Sources */,
				CD2B14C71991F4E300D56E1B /* Frameworks */,
				CD2B14C81991F4E300D56E1B /* Resources */,
			);
			buildRules = (
			);
			dependencies = (
				CD2B14D01991F4E300D56E1B /* PBXTargetDependency */,
			);
			name = BasicsTests;
			productName = BasicsTests;
			productReference = CD2B14CA1991F4E300D56E1B /* BasicsTests.xctest */;
			productType = "com.apple.product-type.bundle.unit-test";
		};
/* End PBXNativeTarget section */

/* Begin PBXProject section */
		CD2B14A71991F4E300D56E1B /* Project object */ = {
			isa = PBXProject;
			attributes = {
				LastUpgradeCheck = 0510;
				ORGANIZATIONNAME = "Stellent Software";
				TargetAttributes = {
					CD2B14C91991F4E300D56E1B = {
						TestTargetID = CD2B14AE1991F4E300D56E1B;
					};
				};
			};
			buildConfigurationList = CD2B14AA1991F4E300D56E1B /* Build configuration list for PBXProject "Basics" */;
			compatibilityVersion = "Xcode 3.2";
			developmentRegion = English;
			hasScannedForEncodings = 0;
			knownRegions = (
				en,
			);
			mainGroup = CD2B14A61991F4E300D56E1B;
			productRefGroup = CD2B14B01991F4E300D56E1B /* Products */;
			projectDirPath = "";
			projectRoot = "";
			targets = (
				CD2B14AE1991F4E300D56E1B /* Basics */,
				CD2B14C91991F4E300D56E1B /* BasicsTests */,
			);
		};
/* End PBXProject section */

/* Begin PBXResourcesBuildPhase section */
		CD2B14AD1991F4E300D56E1B /* Resources */ = {
			isa = PBXResourcesBuildPhase;
			buildActionMask = 2147483647;
			files = (
				CD2B14BD1991F4E300D56E1B /* InfoPlist.strings in Resources */,
				CD2B14C51991F4E300D56E1B /* Images.xcassets in Resources */,
			);
			runOnlyForDeploymentPostprocessing = 0;
		};
		CD2B14C81991F4E300D56E1B /* Resources */ = {
			isa = PBXResourcesBuildPhase;
			buildActionMask = 2147483647;
			files = (
				CD2B14D61991F4E300D56E1B /* InfoPlist.strings in Resources */,
			);
			runOnlyForDeploymentPostprocessing = 0;
		};
/* End PBXResourcesBuildPhase section */

/* Begin PBXSourcesBuildPhase section */
		CD2B14AB1991F4E300D56E1B /* Sources */ = {
			isa = PBXSourcesBuildPhase;
			buildActionMask = 2147483647;
			files = (
				CD2B14C31991F4E300D56E1B /* AppDelegate.m in Sources */,
				CD2B14BF1991F4E300D56E1B /* main.m in Sources */,
			);
			runOnlyForDeploymentPostprocessing = 0;
		};
		CD2B14C61991F4E300D56E1B /* Sources */ = {
			isa = PBXSourcesBuildPhase;
			buildActionMask = 2147483647;
			files = (
				CD2B14D81991F4E300D56E1B /* BasicsTests.m in Sources */,
			);
			runOnlyForDeploymentPostprocessing = 0;
		};
/* End PBXSourcesBuildPhase section */

/* Begin PBXTargetDependency section */
		CD2B14D01991F4E300D56E1B /* PBXTargetDependency */ = {
			isa = PBXTargetDependency;
			target = CD2B14AE1991F4E300D56E1B /* Basics */;
			targetProxy = CD2B14CF1991F4E300D56E1B /* PBXContainerItemProxy */;
		};
/* End PBXTargetDependency section */

/* Begin PBXVariantGroup section */
		CD2B14BB1991F4E300D56E1B /* InfoPlist.strings */ = {
			isa = PBXVariantGroup;
			children = (
				CD2B14BC1991F4E300D56E1B /* en */,
			);
			name = InfoPlist.strings;
			sourceTree = "<group>";
		};
		CD2B14D41991F4E300D56E1B /* InfoPlist.strings */ = {
			isa = PBXVariantGroup;
			children = (
				CD2B14D51991F4E300D56E1B /* en */,
			);
			name = InfoPlist.strings;
			sourceTree = "<group>";
		};
/* End PBXVariantGroup section */

/* Begin XCBuildConfiguration section */
		CD2B14D91991F4E300D56E1B /* Debug */ = {
			isa = XCBuildConfiguration;
			buildSettings = {
				ALWAYS_SEARCH_USER_PATHS = NO;
				CLANG_CXX_LANGUAGE_STANDARD = "gnu++0x";
				CLANG_CXX_LIBRARY = "libc++";
				CLANG_ENABLE_MODULES = YES;
				CLANG_ENABLE_OBJC_ARC = YES;
				CLANG_WARN_BOOL_CONVERSION = YES;
				CLANG_WARN_CONSTANT_CONVERSION = YES;
				CLANG_WARN_DIRECT_OBJC_ISA_USAGE = YES_ERROR;
				CLANG_WARN_EMPTY_BODY = YES;
				CLANG_WARN_ENUM_CONVERSION = YES;
				CLANG_WARN_INT_CONVERSION = YES;
				CLANG_WARN_OBJC_ROOT_CLASS = YES_ERROR;
				CLANG_WARN__DUPLICATE_METHOD_MATCH = YES;
				"CODE_SIGN_IDENTITY[sdk=iphoneos*]" = "iPhone Developer";
				COPY_PHASE_STRIP = NO;
				GCC_C_LANGUAGE_STANDARD = gnu99;
				GCC_DYNAMIC_NO_PIC = NO;
				GCC_OPTIMIZATION_LEVEL = 0;
				GCC_PREPROCESSOR_DEFINITIONS = (
					"DEBUG=1",
					"$(inherited)",
				);
				GCC_SYMBOLS_PRIVATE_EXTERN = NO;
				GCC_WARN_64_TO_32_BIT_CONVERSION = YES;
				GCC_WARN_ABOUT_RETURN_TYPE = YES_ERROR;
				GCC_WARN_UNDECLARED_SELECTOR = YES;
				GCC_WARN_UNINITIALIZED_AUTOS = YES_AGGRESSIVE;
				GCC_WARN_UNUSED_FUNCTION = YES;
				GCC_WARN_UNUSED_VARIABLE = YES;
				IPHONEOS_DEPLOYMENT_TARGET = 7.1;
				ONLY_ACTIVE_ARCH = YES;
				SDKROOT = iphoneos;
			};
			name = Debug;
		};
		CD2B14DA1991F4E300D56E1B /* Release */ = {
			isa = XCBuildConfiguration;
			buildSettings = {
				ALWAYS_SEARCH_USER_PATHS = NO;
				CLANG_CXX_LANGUAGE_STANDARD = "gnu++0x";
				CLANG_CXX_LIBRARY = "libc++";
				CLANG_ENABLE_MODULES = YES;
				CLANG_ENABLE_OBJC_ARC = YES;
				CLANG_WARN_BOOL_CONVERSION = YES;
				CLANG_WARN_CONSTANT_CONVERSION = YES;
				CLANG_WARN_DIRECT_OBJC_ISA_USAGE = YES_ERROR;
				CLANG_WARN_EMPTY_BODY = YES;
				CLANG_WARN_ENUM_CONVERSION = YES;
				CLANG_WARN_INT_CONVERSION = YES;
				CLANG_WARN_OBJC_ROOT_CLASS = YES_ERROR;
				CLANG_WARN__DUPLICATE_METHOD_MATCH = YES;
				"CODE_SIGN_IDENTITY[sdk=iphoneos*]" = "iPhone Developer";
				COPY_PHASE_STRIP = YES;
				ENABLE_NS_ASSERTIONS = NO;
				GCC_C_LANGUAGE_STANDARD = gnu99;
				GCC_WARN_64_TO_32_BIT_CONVERSION = YES;
				GCC_WARN_ABOUT_RETURN_TYPE = YES_ERROR;
				GCC_WARN_UNDECLARED_SELECTOR = YES;
				GCC_WARN_UNINITIALIZED_AUTOS = YES_AGGRESSIVE;
				GCC_WARN_UNUSED_FUNCTION = YES;
				GCC_WARN_UNUSED_VARIABLE = YES;
				IPHONEOS_DEPLOYMENT_TARGET = 7.1;
				SDKROOT = iphoneos;
				VALIDATE_PRODUCT = YES;
			};
			name = Release;
		};
		CD2B14DC1991F4E300D56E1B /* Debug */ = {
			isa = XCBuildConfiguration;
			buildSettings = {
				ASSETCATALOG_COMPILER_APPICON_NAME = AppIcon;
				ASSETCATALOG_COMPILER_LAUNCHIMAGE_NAME = LaunchImage;
				GCC_PRECOMPILE_PREFIX_HEADER = YES;
				GCC_PREFIX_HEADER = "Basics/Basics-Prefix.pch";
				INFOPLIST_FILE = "Basics/Basics-Info.plist";
				PRODUCT_NAME = "$(TARGET_NAME)";
				WRAPPER_EXTENSION = app;
			};
			name = Debug;
		};
		CD2B14DD1991F4E300D56E1B /* Release */ = {
			isa = XCBuildConfiguration;
			buildSettings = {
				ASSETCATALOG_COMPILER_APPICON_NAME = AppIcon;
				ASSETCATALOG_COMPILER_LAUNCHIMAGE_NAME = LaunchImage;
				GCC_PRECOMPILE_PREFIX_HEADER = YES;
				GCC_PREFIX_HEADER = "Basics/Basics-Prefix.pch";
				INFOPLIST_FILE = "Basics/Basics-Info.plist";
				PRODUCT_NAME = "$(TARGET_NAME)";
				WRAPPER_EXTENSION = app;
			};
			name = Release;
		};
		CD2B14DF1991F4E300D56E1B /* Debug */ = {
			isa = XCBuildConfiguration;
			buildSettings = {
				BUNDLE_LOADER = "$(BUILT_PRODUCTS_DIR)/Basics.app/Basics";
				FRAMEWORK_SEARCH_PATHS = (
					"$(SDKROOT)/Developer/Library/Frameworks",
					"$(inherited)",
					"$(DEVELOPER_FRAMEWORKS_DIR)",
				);
				GCC_PRECOMPILE_PREFIX_HEADER = YES;
				GCC_PREFIX_HEADER = "Basics/Basics-Prefix.pch";
				GCC_PREPROCESSOR_DEFINITIONS = (
					"DEBUG=1",
					"$(inherited)",
				);
				INFOPLIST_FILE = "BasicsTests/BasicsTests-Info.plist";
				PRODUCT_NAME = "$(TARGET_NAME)";
				TEST_HOST = "$(BUNDLE_LOADER)";
				WRAPPER_EXTENSION = xctest;
			};
			name = Debug;
		};
		CD2B14E01991F4E300D56E1B /* Release */ = {
			isa = XCBuildConfiguration;
			buildSettings = {
				BUNDLE_LOADER = "$(BUILT_PRODUCTS_DIR)/Basics.app/Basics";
				FRAMEWORK_SEARCH_PATHS = (
					"$(SDKROOT)/Developer/Library/Frameworks",
					"$(inherited)",
					"$(DEVELOPER_FRAMEWORKS_DIR)",
				);
				GCC_PRECOMPILE_PREFIX_HEADER = YES;
				GCC_PREFIX_HEADER = "Basics/Basics-Prefix.pch";
				INFOPLIST_FILE = "BasicsTests/BasicsTests-Info.plist";
				PRODUCT_NAME = "$(TARGET_NAME)";
				TEST_HOST = "$(BUNDLE_LOADER)";
				WRAPPER_EXTENSION = xctest;
			};
			name = Release;
		};
/* End XCBuildConfiguration section */

/* Begin XCConfigurationList section */
		CD2B14AA1991F4E300D56E1B /* Build configuration list for PBXProject "Basics" */ = {
			isa = XCConfigurationList;
			buildConfigurations = (
				CD2B14D91991F4E300D56E1B /* Debug */,
				CD2B14DA1991F4E300D56E1B /* Release */,
			);
			defaultConfigurationIsVisible = 0;
			defaultConfigurationName = Release;
		};
		CD2B14DB1991F4E300D56E1B /* Build configuration list for PBXNativeTarget "Basics" */ = {
			isa = XCConfigurationList;
			buildConfigurations = (
				CD2B14DC1991F4E300D56E1B /* Debug */,
				CD2B14DD1991F4E300D56E1B /* Release */,
			);
			defaultConfigurationIsVisible = 0;
		};
		CD2B14DE1991F4E300D56E1B /* Build configuration list for PBXNativeTarget "BasicsTests" */ = {
			isa = XCConfigurationList;
			buildConfigurations = (
				CD2B14DF1991F4E300D56E1B /* Debug */,
				CD2B14E01991F4E300D56E1B /* Release */,
			);
			defaultConfigurationIsVisible = 0;
		};
/* End XCConfigurationList section */
	};
	rootObject = CD2B14A71991F4E300D56E1B /* Project object */;
}
